
Microsoft Visual Studio Solution File, Format Version 12.00
# Visual Studio 15
VisualStudioVersion = 15.0.26124.0
MinimumVisualStudioVersion = 15.0.26124.0
Project("{FAE04EC0-301F-11D3-BF4B-00C04F79EFBC}") = "Henzai", "Henzai\Henzai.csproj", "{1221DC7C-3AEF-463B-B664-7A63578337EB}"
EndProject
Project("{2150E333-8FDC-42A3-9474-1A3956D46DE8}") = "Projects", "Projects", "{F0332C97-C5CA-4180-A2FE-CDBACDF294B4}"
EndProject
Project("{FAE04EC0-301F-11D3-BF4B-00C04F79EFBC}") = "getting_started", "Projects\getting_started\getting_started.csproj", "{1D7AF1FA-BC8B-4B28-A807-204C62CDE067}"
EndProject
Project("{FAE04EC0-301F-11D3-BF4B-00C04F79EFBC}") = "asset-loading", "Projects\asset-loading\asset-loading.csproj", "{4CA0C0FB-B931-474D-BE6D-644B2B250153}"
EndProject
Project("{FAE04EC0-301F-11D3-BF4B-00C04F79EFBC}") = "offscreen", "Projects\offscreen\offscreen.csproj", "{9B658097-4E4B-450A-B1C2-FF2F5A37B215}"
EndProject
Project("{FAE04EC0-301F-11D3-BF4B-00C04F79EFBC}") = "sdl2-gui", "Projects\sdl2-gui\sdl2-gui.csproj", "{AE0A5AB7-D9AC-401C-960A-7FCDCE965B32}"
EndProject
Project("{FAE04EC0-301F-11D3-BF4B-00C04F79EFBC}") = "textured_cube", "Projects\textured_cube\textured_cube.csproj", "{E6D00BAC-8751-43F5-916F-ED530201B333}"
EndProject
Global
	GlobalSection(SolutionConfigurationPlatforms) = preSolution
		Debug|Any CPU = Debug|Any CPU
		Debug|x64 = Debug|x64
		Debug|x86 = Debug|x86
		Release|Any CPU = Release|Any CPU
		Release|x64 = Release|x64
		Release|x86 = Release|x86
	EndGlobalSection
	GlobalSection(SolutionProperties) = preSolution
		HideSolutionNode = FALSE
	EndGlobalSection
	GlobalSection(ProjectConfigurationPlatforms) = postSolution
		{1221DC7C-3AEF-463B-B664-7A63578337EB}.Debug|Any CPU.ActiveCfg = Debug|Any CPU
		{1221DC7C-3AEF-463B-B664-7A63578337EB}.Debug|Any CPU.Build.0 = Debug|Any CPU
		{1221DC7C-3AEF-463B-B664-7A63578337EB}.Debug|x64.ActiveCfg = Debug|x64
		{1221DC7C-3AEF-463B-B664-7A63578337EB}.Debug|x64.Build.0 = Debug|x64
		{1221DC7C-3AEF-463B-B664-7A63578337EB}.Debug|x86.ActiveCfg = Debug|x86
		{1221DC7C-3AEF-463B-B664-7A63578337EB}.Debug|x86.Build.0 = Debug|x86
		{1221DC7C-3AEF-463B-B664-7A63578337EB}.Release|Any CPU.ActiveCfg = Release|Any CPU
		{1221DC7C-3AEF-463B-B664-7A63578337EB}.Release|Any CPU.Build.0 = Release|Any CPU
		{1221DC7C-3AEF-463B-B664-7A63578337EB}.Release|x64.ActiveCfg = Release|x64
		{1221DC7C-3AEF-463B-B664-7A63578337EB}.Release|x64.Build.0 = Release|x64
		{1221DC7C-3AEF-463B-B664-7A63578337EB}.Release|x86.ActiveCfg = Release|x86
		{1221DC7C-3AEF-463B-B664-7A63578337EB}.Release|x86.Build.0 = Release|x86
		{1D7AF1FA-BC8B-4B28-A807-204C62CDE067}.Debug|Any CPU.ActiveCfg = Debug|Any CPU
		{1D7AF1FA-BC8B-4B28-A807-204C62CDE067}.Debug|Any CPU.Build.0 = Debug|Any CPU
		{1D7AF1FA-BC8B-4B28-A807-204C62CDE067}.Debug|x64.ActiveCfg = Debug|x64
		{1D7AF1FA-BC8B-4B28-A807-204C62CDE067}.Debug|x64.Build.0 = Debug|x64
		{1D7AF1FA-BC8B-4B28-A807-204C62CDE067}.Debug|x86.ActiveCfg = Debug|x86
		{1D7AF1FA-BC8B-4B28-A807-204C62CDE067}.Debug|x86.Build.0 = Debug|x86
		{1D7AF1FA-BC8B-4B28-A807-204C62CDE067}.Release|Any CPU.ActiveCfg = Release|Any CPU
		{1D7AF1FA-BC8B-4B28-A807-204C62CDE067}.Release|Any CPU.Build.0 = Release|Any CPU
		{1D7AF1FA-BC8B-4B28-A807-204C62CDE067}.Release|x64.ActiveCfg = Release|x64
		{1D7AF1FA-BC8B-4B28-A807-204C62CDE067}.Release|x64.Build.0 = Release|x64
		{1D7AF1FA-BC8B-4B28-A807-204C62CDE067}.Release|x86.ActiveCfg = Release|x86
		{1D7AF1FA-BC8B-4B28-A807-204C62CDE067}.Release|x86.Build.0 = Release|x86
		{4CA0C0FB-B931-474D-BE6D-644B2B250153}.Debug|Any CPU.ActiveCfg = Debug|Any CPU
		{4CA0C0FB-B931-474D-BE6D-644B2B250153}.Debug|Any CPU.Build.0 = Debug|Any CPU
		{4CA0C0FB-B931-474D-BE6D-644B2B250153}.Debug|x64.ActiveCfg = Debug|x64
		{4CA0C0FB-B931-474D-BE6D-644B2B250153}.Debug|x64.Build.0 = Debug|x64
		{4CA0C0FB-B931-474D-BE6D-644B2B250153}.Debug|x86.ActiveCfg = Debug|x86
		{4CA0C0FB-B931-474D-BE6D-644B2B250153}.Debug|x86.Build.0 = Debug|x86
		{4CA0C0FB-B931-474D-BE6D-644B2B250153}.Release|Any CPU.ActiveCfg = Release|Any CPU
		{4CA0C0FB-B931-474D-BE6D-644B2B250153}.Release|Any CPU.Build.0 = Release|Any CPU
		{4CA0C0FB-B931-474D-BE6D-644B2B250153}.Release|x64.ActiveCfg = Release|x64
		{4CA0C0FB-B931-474D-BE6D-644B2B250153}.Release|x64.Build.0 = Release|x64
		{4CA0C0FB-B931-474D-BE6D-644B2B250153}.Release|x86.ActiveCfg = Release|x86
		{4CA0C0FB-B931-474D-BE6D-644B2B250153}.Release|x86.Build.0 = Release|x86
		{9B658097-4E4B-450A-B1C2-FF2F5A37B215}.Debug|Any CPU.ActiveCfg = Debug|Any CPU
		{9B658097-4E4B-450A-B1C2-FF2F5A37B215}.Debug|Any CPU.Build.0 = Debug|Any CPU
		{9B658097-4E4B-450A-B1C2-FF2F5A37B215}.Debug|x64.ActiveCfg = Debug|x64
		{9B658097-4E4B-450A-B1C2-FF2F5A37B215}.Debug|x64.Build.0 = Debug|x64
		{9B658097-4E4B-450A-B1C2-FF2F5A37B215}.Debug|x86.ActiveCfg = Debug|x86
		{9B658097-4E4B-450A-B1C2-FF2F5A37B215}.Debug|x86.Build.0 = Debug|x86
		{9B658097-4E4B-450A-B1C2-FF2F5A37B215}.Release|Any CPU.ActiveCfg = Release|Any CPU
		{9B658097-4E4B-450A-B1C2-FF2F5A37B215}.Release|Any CPU.Build.0 = Release|Any CPU
		{9B658097-4E4B-450A-B1C2-FF2F5A37B215}.Release|x64.ActiveCfg = Release|x64
		{9B658097-4E4B-450A-B1C2-FF2F5A37B215}.Release|x64.Build.0 = Release|x64
		{9B658097-4E4B-450A-B1C2-FF2F5A37B215}.Release|x86.ActiveCfg = Release|x86
		{9B658097-4E4B-450A-B1C2-FF2F5A37B215}.Release|x86.Build.0 = Release|x86
		{AE0A5AB7-D9AC-401C-960A-7FCDCE965B32}.Debug|Any CPU.ActiveCfg = Debug|Any CPU
		{AE0A5AB7-D9AC-401C-960A-7FCDCE965B32}.Debug|Any CPU.Build.0 = Debug|Any CPU
		{AE0A5AB7-D9AC-401C-960A-7FCDCE965B32}.Debug|x64.ActiveCfg = Debug|x64
		{AE0A5AB7-D9AC-401C-960A-7FCDCE965B32}.Debug|x64.Build.0 = Debug|x64
		{AE0A5AB7-D9AC-401C-960A-7FCDCE965B32}.Debug|x86.ActiveCfg = Debug|x86
		{AE0A5AB7-D9AC-401C-960A-7FCDCE965B32}.Debug|x86.Build.0 = Debug|x86
		{AE0A5AB7-D9AC-401C-960A-7FCDCE965B32}.Release|Any CPU.ActiveCfg = Release|Any CPU
		{AE0A5AB7-D9AC-401C-960A-7FCDCE965B32}.Release|Any CPU.Build.0 = Release|Any CPU
		{AE0A5AB7-D9AC-401C-960A-7FCDCE965B32}.Release|x64.ActiveCfg = Release|x64
		{AE0A5AB7-D9AC-401C-960A-7FCDCE965B32}.Release|x64.Build.0 = Release|x64
		{AE0A5AB7-D9AC-401C-960A-7FCDCE965B32}.Release|x86.ActiveCfg = Release|x86
		{AE0A5AB7-D9AC-401C-960A-7FCDCE965B32}.Release|x86.Build.0 = Release|x86
		{E6D00BAC-8751-43F5-916F-ED530201B333}.Debug|Any CPU.ActiveCfg = Debug|Any CPU
		{E6D00BAC-8751-43F5-916F-ED530201B333}.Debug|Any CPU.Build.0 = Debug|Any CPU
		{E6D00BAC-8751-43F5-916F-ED530201B333}.Debug|x64.ActiveCfg = Debug|x64
		{E6D00BAC-8751-43F5-916F-ED530201B333}.Debug|x64.Build.0 = Debug|x64
		{E6D00BAC-8751-43F5-916F-ED530201B333}.Debug|x86.ActiveCfg = Debug|x86
		{E6D00BAC-8751-43F5-916F-ED530201B333}.Debug|x86.Build.0 = Debug|x86
		{E6D00BAC-8751-43F5-916F-ED530201B333}.Release|Any CPU.ActiveCfg = Release|Any CPU
		{E6D00BAC-8751-43F5-916F-ED530201B333}.Release|Any CPU.Build.0 = Release|Any CPU
		{E6D00BAC-8751-43F5-916F-ED530201B333}.Release|x64.ActiveCfg = Release|x64
		{E6D00BAC-8751-43F5-916F-ED530201B333}.Release|x64.Build.0 = Release|x64
		{E6D00BAC-8751-43F5-916F-ED530201B333}.Release|x86.ActiveCfg = Release|x86
		{E6D00BAC-8751-43F5-916F-ED530201B333}.Release|x86.Build.0 = Release|x86
	EndGlobalSection
	GlobalSection(NestedProjects) = preSolution
		{1D7AF1FA-BC8B-4B28-A807-204C62CDE067} = {F0332C97-C5CA-4180-A2FE-CDBACDF294B4}
		{4CA0C0FB-B931-474D-BE6D-644B2B250153} = {F0332C97-C5CA-4180-A2FE-CDBACDF294B4}
		{9B658097-4E4B-450A-B1C2-FF2F5A37B215} = {F0332C97-C5CA-4180-A2FE-CDBACDF294B4}
		{AE0A5AB7-D9AC-401C-960A-7FCDCE965B32} = {F0332C97-C5CA-4180-A2FE-CDBACDF294B4}
		{E6D00BAC-8751-43F5-916F-ED530201B333} = {F0332C97-C5CA-4180-A2FE-CDBACDF294B4}
	EndGlobalSection
EndGlobal
