
Microsoft Visual Studio Solution File, Format Version 12.00
# Visual Studio 15
VisualStudioVersion = 15.0.26124.0
MinimumVisualStudioVersion = 15.0.26124.0
Project("{FAE04EC0-301F-11D3-BF4B-00C04F79EFBC}") = "Henzai", "Henzai\Henzai.csproj", "{6631CF91-1F47-46B8-94FD-01142477DAF7}"
EndProject
Project("{FAE04EC0-301F-11D3-BF4B-00C04F79EFBC}") = "Henzai.Core", "Henzai.Core\Henzai.Core.csproj", "{C687DC2A-CB8A-45FB-81EB-8DD1A2CF9B3A}"
EndProject
Project("{F2A71F9B-5D33-465A-A702-920D77279786}") = "HenzaiFunc.Core", "HenzaiFunc.Core\HenzaiFunc.Core.fsproj", "{ACF52704-9746-4778-88CB-CFC58D3CF289}"
EndProject
Project("{F2A71F9B-5D33-465A-A702-920D77279786}") = "HenzaiFunc.Test", "HenzaiFunc.Test\HenzaiFunc.Test.fsproj", "{7616DA23-5220-4F50-9CD2-C042C11B223A}"
EndProject
Project("{F2A71F9B-5D33-465A-A702-920D77279786}") = "raytracer", "Raytracer\raytracer.fsproj", "{0C40531D-9B99-488B-B483-23D2B0092B3C}"
EndProject
Global
	GlobalSection(SolutionConfigurationPlatforms) = preSolution
		Debug|Any CPU = Debug|Any CPU
		Debug|x64 = Debug|x64
		Debug|x86 = Debug|x86
		Release|Any CPU = Release|Any CPU
		Release|x64 = Release|x64
		Release|x86 = Release|x86
	EndGlobalSection
	GlobalSection(SolutionProperties) = preSolution
		HideSolutionNode = FALSE
	EndGlobalSection
	GlobalSection(ProjectConfigurationPlatforms) = postSolution
		{6631CF91-1F47-46B8-94FD-01142477DAF7}.Debug|Any CPU.ActiveCfg = Debug|Any CPU
		{6631CF91-1F47-46B8-94FD-01142477DAF7}.Debug|Any CPU.Build.0 = Debug|Any CPU
		{6631CF91-1F47-46B8-94FD-01142477DAF7}.Debug|x64.ActiveCfg = Debug|Any CPU
		{6631CF91-1F47-46B8-94FD-01142477DAF7}.Debug|x64.Build.0 = Debug|Any CPU
		{6631CF91-1F47-46B8-94FD-01142477DAF7}.Debug|x86.ActiveCfg = Debug|Any CPU
		{6631CF91-1F47-46B8-94FD-01142477DAF7}.Debug|x86.Build.0 = Debug|Any CPU
		{6631CF91-1F47-46B8-94FD-01142477DAF7}.Release|Any CPU.ActiveCfg = Release|Any CPU
		{6631CF91-1F47-46B8-94FD-01142477DAF7}.Release|Any CPU.Build.0 = Release|Any CPU
		{6631CF91-1F47-46B8-94FD-01142477DAF7}.Release|x64.ActiveCfg = Release|Any CPU
		{6631CF91-1F47-46B8-94FD-01142477DAF7}.Release|x64.Build.0 = Release|Any CPU
		{6631CF91-1F47-46B8-94FD-01142477DAF7}.Release|x86.ActiveCfg = Release|Any CPU
		{6631CF91-1F47-46B8-94FD-01142477DAF7}.Release|x86.Build.0 = Release|Any CPU
		{C687DC2A-CB8A-45FB-81EB-8DD1A2CF9B3A}.Debug|Any CPU.ActiveCfg = Debug|Any CPU
		{C687DC2A-CB8A-45FB-81EB-8DD1A2CF9B3A}.Debug|Any CPU.Build.0 = Debug|Any CPU
		{C687DC2A-CB8A-45FB-81EB-8DD1A2CF9B3A}.Debug|x64.ActiveCfg = Debug|Any CPU
		{C687DC2A-CB8A-45FB-81EB-8DD1A2CF9B3A}.Debug|x64.Build.0 = Debug|Any CPU
		{C687DC2A-CB8A-45FB-81EB-8DD1A2CF9B3A}.Debug|x86.ActiveCfg = Debug|Any CPU
		{C687DC2A-CB8A-45FB-81EB-8DD1A2CF9B3A}.Debug|x86.Build.0 = Debug|Any CPU
		{C687DC2A-CB8A-45FB-81EB-8DD1A2CF9B3A}.Release|Any CPU.ActiveCfg = Release|Any CPU
		{C687DC2A-CB8A-45FB-81EB-8DD1A2CF9B3A}.Release|Any CPU.Build.0 = Release|Any CPU
		{C687DC2A-CB8A-45FB-81EB-8DD1A2CF9B3A}.Release|x64.ActiveCfg = Release|Any CPU
		{C687DC2A-CB8A-45FB-81EB-8DD1A2CF9B3A}.Release|x64.Build.0 = Release|Any CPU
		{C687DC2A-CB8A-45FB-81EB-8DD1A2CF9B3A}.Release|x86.ActiveCfg = Release|Any CPU
		{C687DC2A-CB8A-45FB-81EB-8DD1A2CF9B3A}.Release|x86.Build.0 = Release|Any CPU
		{ACF52704-9746-4778-88CB-CFC58D3CF289}.Debug|Any CPU.ActiveCfg = Debug|Any CPU
		{ACF52704-9746-4778-88CB-CFC58D3CF289}.Debug|Any CPU.Build.0 = Debug|Any CPU
		{ACF52704-9746-4778-88CB-CFC58D3CF289}.Debug|x64.ActiveCfg = Debug|Any CPU
		{ACF52704-9746-4778-88CB-CFC58D3CF289}.Debug|x64.Build.0 = Debug|Any CPU
		{ACF52704-9746-4778-88CB-CFC58D3CF289}.Debug|x86.ActiveCfg = Debug|Any CPU
		{ACF52704-9746-4778-88CB-CFC58D3CF289}.Debug|x86.Build.0 = Debug|Any CPU
		{ACF52704-9746-4778-88CB-CFC58D3CF289}.Release|Any CPU.ActiveCfg = Release|Any CPU
		{ACF52704-9746-4778-88CB-CFC58D3CF289}.Release|Any CPU.Build.0 = Release|Any CPU
		{ACF52704-9746-4778-88CB-CFC58D3CF289}.Release|x64.ActiveCfg = Release|Any CPU
		{ACF52704-9746-4778-88CB-CFC58D3CF289}.Release|x64.Build.0 = Release|Any CPU
		{ACF52704-9746-4778-88CB-CFC58D3CF289}.Release|x86.ActiveCfg = Release|Any CPU
		{ACF52704-9746-4778-88CB-CFC58D3CF289}.Release|x86.Build.0 = Release|Any CPU
		{7616DA23-5220-4F50-9CD2-C042C11B223A}.Debug|Any CPU.ActiveCfg = Debug|Any CPU
		{7616DA23-5220-4F50-9CD2-C042C11B223A}.Debug|Any CPU.Build.0 = Debug|Any CPU
		{7616DA23-5220-4F50-9CD2-C042C11B223A}.Debug|x64.ActiveCfg = Debug|Any CPU
		{7616DA23-5220-4F50-9CD2-C042C11B223A}.Debug|x64.Build.0 = Debug|Any CPU
		{7616DA23-5220-4F50-9CD2-C042C11B223A}.Debug|x86.ActiveCfg = Debug|Any CPU
		{7616DA23-5220-4F50-9CD2-C042C11B223A}.Debug|x86.Build.0 = Debug|Any CPU
		{7616DA23-5220-4F50-9CD2-C042C11B223A}.Release|Any CPU.ActiveCfg = Release|Any CPU
		{7616DA23-5220-4F50-9CD2-C042C11B223A}.Release|Any CPU.Build.0 = Release|Any CPU
		{7616DA23-5220-4F50-9CD2-C042C11B223A}.Release|x64.ActiveCfg = Release|Any CPU
		{7616DA23-5220-4F50-9CD2-C042C11B223A}.Release|x64.Build.0 = Release|Any CPU
		{7616DA23-5220-4F50-9CD2-C042C11B223A}.Release|x86.ActiveCfg = Release|Any CPU
		{7616DA23-5220-4F50-9CD2-C042C11B223A}.Release|x86.Build.0 = Release|Any CPU
		{0C40531D-9B99-488B-B483-23D2B0092B3C}.Debug|Any CPU.ActiveCfg = Debug|Any CPU
		{0C40531D-9B99-488B-B483-23D2B0092B3C}.Debug|Any CPU.Build.0 = Debug|Any CPU
		{0C40531D-9B99-488B-B483-23D2B0092B3C}.Debug|x64.ActiveCfg = Debug|Any CPU
		{0C40531D-9B99-488B-B483-23D2B0092B3C}.Debug|x64.Build.0 = Debug|Any CPU
		{0C40531D-9B99-488B-B483-23D2B0092B3C}.Debug|x86.ActiveCfg = Debug|Any CPU
		{0C40531D-9B99-488B-B483-23D2B0092B3C}.Debug|x86.Build.0 = Debug|Any CPU
		{0C40531D-9B99-488B-B483-23D2B0092B3C}.Release|Any CPU.ActiveCfg = Release|Any CPU
		{0C40531D-9B99-488B-B483-23D2B0092B3C}.Release|Any CPU.Build.0 = Release|Any CPU
		{0C40531D-9B99-488B-B483-23D2B0092B3C}.Release|x64.ActiveCfg = Release|Any CPU
		{0C40531D-9B99-488B-B483-23D2B0092B3C}.Release|x64.Build.0 = Release|Any CPU
		{0C40531D-9B99-488B-B483-23D2B0092B3C}.Release|x86.ActiveCfg = Release|Any CPU
		{0C40531D-9B99-488B-B483-23D2B0092B3C}.Release|x86.Build.0 = Release|Any CPU
	EndGlobalSection
EndGlobal
